
Microsoft Visual Studio Solution File, Format Version 12.00
# Visual Studio 15
VisualStudioVersion = 15.0.26124.0
MinimumVisualStudioVersion = 15.0.26124.0
Project("{FAE04EC0-301F-11D3-BF4B-00C04F79EFBC}") = "Domain", "Domain\Domain.csproj", "{A0E56152-4873-4239-AE46-AFE3385C76EA}"
EndProject
Project("{FAE04EC0-301F-11D3-BF4B-00C04F79EFBC}") = "Application", "Application\Application.csproj", "{E913B590-C900-42FD-8B7A-2F56AF4F6358}"
EndProject
Project("{FAE04EC0-301F-11D3-BF4B-00C04F79EFBC}") = "API", "API\API.csproj", "{E6043D5C-859B-44E8-B597-94F69F336FA1}"
EndProject
Project("{FAE04EC0-301F-11D3-BF4B-00C04F79EFBC}") = "Persistence", "Persistence\Persistence.csproj", "{1E506EE6-65E7-4472-B47C-63C14CBD6EBE}"
EndProject
Global
	GlobalSection(SolutionConfigurationPlatforms) = preSolution
		Debug|Any CPU = Debug|Any CPU
		Debug|x64 = Debug|x64
		Debug|x86 = Debug|x86
		Release|Any CPU = Release|Any CPU
		Release|x64 = Release|x64
		Release|x86 = Release|x86
	EndGlobalSection
	GlobalSection(SolutionProperties) = preSolution
		HideSolutionNode = FALSE
	EndGlobalSection
	GlobalSection(ProjectConfigurationPlatforms) = postSolution
		{A0E56152-4873-4239-AE46-AFE3385C76EA}.Debug|Any CPU.ActiveCfg = Debug|Any CPU
		{A0E56152-4873-4239-AE46-AFE3385C76EA}.Debug|Any CPU.Build.0 = Debug|Any CPU
		{A0E56152-4873-4239-AE46-AFE3385C76EA}.Debug|x64.ActiveCfg = Debug|Any CPU
		{A0E56152-4873-4239-AE46-AFE3385C76EA}.Debug|x64.Build.0 = Debug|Any CPU
		{A0E56152-4873-4239-AE46-AFE3385C76EA}.Debug|x86.ActiveCfg = Debug|Any CPU
		{A0E56152-4873-4239-AE46-AFE3385C76EA}.Debug|x86.Build.0 = Debug|Any CPU
		{A0E56152-4873-4239-AE46-AFE3385C76EA}.Release|Any CPU.ActiveCfg = Release|Any CPU
		{A0E56152-4873-4239-AE46-AFE3385C76EA}.Release|Any CPU.Build.0 = Release|Any CPU
		{A0E56152-4873-4239-AE46-AFE3385C76EA}.Release|x64.ActiveCfg = Release|Any CPU
		{A0E56152-4873-4239-AE46-AFE3385C76EA}.Release|x64.Build.0 = Release|Any CPU
		{A0E56152-4873-4239-AE46-AFE3385C76EA}.Release|x86.ActiveCfg = Release|Any CPU
		{A0E56152-4873-4239-AE46-AFE3385C76EA}.Release|x86.Build.0 = Release|Any CPU
		{E913B590-C900-42FD-8B7A-2F56AF4F6358}.Debug|Any CPU.ActiveCfg = Debug|Any CPU
		{E913B590-C900-42FD-8B7A-2F56AF4F6358}.Debug|Any CPU.Build.0 = Debug|Any CPU
		{E913B590-C900-42FD-8B7A-2F56AF4F6358}.Debug|x64.ActiveCfg = Debug|Any CPU
		{E913B590-C900-42FD-8B7A-2F56AF4F6358}.Debug|x64.Build.0 = Debug|Any CPU
		{E913B590-C900-42FD-8B7A-2F56AF4F6358}.Debug|x86.ActiveCfg = Debug|Any CPU
		{E913B590-C900-42FD-8B7A-2F56AF4F6358}.Debug|x86.Build.0 = Debug|Any CPU
		{E913B590-C900-42FD-8B7A-2F56AF4F6358}.Release|Any CPU.ActiveCfg = Release|Any CPU
		{E913B590-C900-42FD-8B7A-2F56AF4F6358}.Release|Any CPU.Build.0 = Release|Any CPU
		{E913B590-C900-42FD-8B7A-2F56AF4F6358}.Release|x64.ActiveCfg = Release|Any CPU
		{E913B590-C900-42FD-8B7A-2F56AF4F6358}.Release|x64.Build.0 = Release|Any CPU
		{E913B590-C900-42FD-8B7A-2F56AF4F6358}.Release|x86.ActiveCfg = Release|Any CPU
		{E913B590-C900-42FD-8B7A-2F56AF4F6358}.Release|x86.Build.0 = Release|Any CPU
		{E6043D5C-859B-44E8-B597-94F69F336FA1}.Debug|Any CPU.ActiveCfg = Debug|Any CPU
		{E6043D5C-859B-44E8-B597-94F69F336FA1}.Debug|Any CPU.Build.0 = Debug|Any CPU
		{E6043D5C-859B-44E8-B597-94F69F336FA1}.Debug|x64.ActiveCfg = Debug|Any CPU
		{E6043D5C-859B-44E8-B597-94F69F336FA1}.Debug|x64.Build.0 = Debug|Any CPU
		{E6043D5C-859B-44E8-B597-94F69F336FA1}.Debug|x86.ActiveCfg = Debug|Any CPU
		{E6043D5C-859B-44E8-B597-94F69F336FA1}.Debug|x86.Build.0 = Debug|Any CPU
		{E6043D5C-859B-44E8-B597-94F69F336FA1}.Release|Any CPU.ActiveCfg = Release|Any CPU
		{E6043D5C-859B-44E8-B597-94F69F336FA1}.Release|Any CPU.Build.0 = Release|Any CPU
		{E6043D5C-859B-44E8-B597-94F69F336FA1}.Release|x64.ActiveCfg = Release|Any CPU
		{E6043D5C-859B-44E8-B597-94F69F336FA1}.Release|x64.Build.0 = Release|Any CPU
		{E6043D5C-859B-44E8-B597-94F69F336FA1}.Release|x86.ActiveCfg = Release|Any CPU
		{E6043D5C-859B-44E8-B597-94F69F336FA1}.Release|x86.Build.0 = Release|Any CPU
		{1E506EE6-65E7-4472-B47C-63C14CBD6EBE}.Debug|Any CPU.ActiveCfg = Debug|Any CPU
		{1E506EE6-65E7-4472-B47C-63C14CBD6EBE}.Debug|Any CPU.Build.0 = Debug|Any CPU
		{1E506EE6-65E7-4472-B47C-63C14CBD6EBE}.Debug|x64.ActiveCfg = Debug|Any CPU
		{1E506EE6-65E7-4472-B47C-63C14CBD6EBE}.Debug|x64.Build.0 = Debug|Any CPU
		{1E506EE6-65E7-4472-B47C-63C14CBD6EBE}.Debug|x86.ActiveCfg = Debug|Any CPU
		{1E506EE6-65E7-4472-B47C-63C14CBD6EBE}.Debug|x86.Build.0 = Debug|Any CPU
		{1E506EE6-65E7-4472-B47C-63C14CBD6EBE}.Release|Any CPU.ActiveCfg = Release|Any CPU
		{1E506EE6-65E7-4472-B47C-63C14CBD6EBE}.Release|Any CPU.Build.0 = Release|Any CPU
		{1E506EE6-65E7-4472-B47C-63C14CBD6EBE}.Release|x64.ActiveCfg = Release|Any CPU
		{1E506EE6-65E7-4472-B47C-63C14CBD6EBE}.Release|x64.Build.0 = Release|Any CPU
		{1E506EE6-65E7-4472-B47C-63C14CBD6EBE}.Release|x86.ActiveCfg = Release|Any CPU
		{1E506EE6-65E7-4472-B47C-63C14CBD6EBE}.Release|x86.Build.0 = Release|Any CPU
	EndGlobalSection
EndGlobal
